// !$*UTF8*$!
{
	archiveVersion = 1;
	classes = {
	};
	objectVersion = 50;
	objects = {

/* Begin PBXBuildFile section */
		660368016EC32E3C3222617C /* Pods_RxSwiftStudyPlayground.framework in Frameworks */ = {isa = PBXBuildFile; fileRef = A964A02E888DE170B2630689 /* Pods_RxSwiftStudyPlayground.framework */; };
		88372A7B219D4B9B00774907 /* AppDelegate.swift in Sources */ = {isa = PBXBuildFile; fileRef = 88372A7A219D4B9B00774907 /* AppDelegate.swift */; };
		88372A7D219D4B9B00774907 /* ViewController.swift in Sources */ = {isa = PBXBuildFile; fileRef = 88372A7C219D4B9B00774907 /* ViewController.swift */; };
		88372A80219D4B9B00774907 /* Main.storyboard in Resources */ = {isa = PBXBuildFile; fileRef = 88372A7E219D4B9B00774907 /* Main.storyboard */; };
		88372A82219D4B9D00774907 /* Assets.xcassets in Resources */ = {isa = PBXBuildFile; fileRef = 88372A81219D4B9D00774907 /* Assets.xcassets */; };
		88372A85219D4B9D00774907 /* LaunchScreen.storyboard in Resources */ = {isa = PBXBuildFile; fileRef = 88372A83219D4B9D00774907 /* LaunchScreen.storyboard */; };
/* End PBXBuildFile section */

/* Begin PBXFileReference section */
		1AB8A0DA88F22B92AF7EEFE7 /* Pods-RxSwiftStudyPlayground.debug.xcconfig */ = {isa = PBXFileReference; includeInIndex = 1; lastKnownFileType = text.xcconfig; name = "Pods-RxSwiftStudyPlayground.debug.xcconfig"; path = "Pods/Target Support Files/Pods-RxSwiftStudyPlayground/Pods-RxSwiftStudyPlayground.debug.xcconfig"; sourceTree = "<group>"; };
		88372A77219D4B9B00774907 /* RxSwiftStudyPlayground.app */ = {isa = PBXFileReference; explicitFileType = wrapper.application; includeInIndex = 0; path = RxSwiftStudyPlayground.app; sourceTree = BUILT_PRODUCTS_DIR; };
		88372A7A219D4B9B00774907 /* AppDelegate.swift */ = {isa = PBXFileReference; lastKnownFileType = sourcecode.swift; path = AppDelegate.swift; sourceTree = "<group>"; };
		88372A7C219D4B9B00774907 /* ViewController.swift */ = {isa = PBXFileReference; lastKnownFileType = sourcecode.swift; path = ViewController.swift; sourceTree = "<group>"; };
		88372A7F219D4B9B00774907 /* Base */ = {isa = PBXFileReference; lastKnownFileType = file.storyboard; name = Base; path = Base.lproj/Main.storyboard; sourceTree = "<group>"; };
		88372A81219D4B9D00774907 /* Assets.xcassets */ = {isa = PBXFileReference; lastKnownFileType = folder.assetcatalog; path = Assets.xcassets; sourceTree = "<group>"; };
		88372A84219D4B9D00774907 /* Base */ = {isa = PBXFileReference; lastKnownFileType = file.storyboard; name = Base; path = Base.lproj/LaunchScreen.storyboard; sourceTree = "<group>"; };
		88372A86219D4B9D00774907 /* Info.plist */ = {isa = PBXFileReference; lastKnownFileType = text.plist.xml; path = Info.plist; sourceTree = "<group>"; };
		884644A421A68ABB00B6ED3B /* Observables_study.playground */ = {isa = PBXFileReference; lastKnownFileType = file.playground; path = Observables_study.playground; sourceTree = "<group>"; xcLanguageSpecificationIdentifier = xcode.lang.swift; };
		8865A0BD21AAA252006C9692 /* Time_base_operation_study.playground */ = {isa = PBXFileReference; lastKnownFileType = file.playground; path = Time_base_operation_study.playground; sourceTree = "<group>"; xcLanguageSpecificationIdentifier = xcode.lang.swift; };
		886A6E56219D4D0000A75F8E /* Filtering_operation_study.playground */ = {isa = PBXFileReference; lastKnownFileType = file.playground; path = Filtering_operation_study.playground; sourceTree = "<group>"; xcLanguageSpecificationIdentifier = xcode.lang.swift; };
		88D9DBD021A6E05000C5DD62 /* Subject_study.playground */ = {isa = PBXFileReference; lastKnownFileType = file.playground; path = Subject_study.playground; sourceTree = "<group>"; xcLanguageSpecificationIdentifier = xcode.lang.swift; };
		88D9DBD121A8461200C5DD62 /* Transforming_operators_study.playground */ = {isa = PBXFileReference; lastKnownFileType = file.playground; path = Transforming_operators_study.playground; sourceTree = "<group>"; xcLanguageSpecificationIdentifier = xcode.lang.swift; };
		88D9DBD221A8558300C5DD62 /* Combining_operators_study.playground */ = {isa = PBXFileReference; lastKnownFileType = file.playground; path = Combining_operators_study.playground; sourceTree = "<group>"; xcLanguageSpecificationIdentifier = xcode.lang.swift; };
		A964A02E888DE170B2630689 /* Pods_RxSwiftStudyPlayground.framework */ = {isa = PBXFileReference; explicitFileType = wrapper.framework; includeInIndex = 0; path = Pods_RxSwiftStudyPlayground.framework; sourceTree = BUILT_PRODUCTS_DIR; };
		DA4A5EE84FBB95E9262F1E69 /* Pods-RxSwiftStudyPlayground.release.xcconfig */ = {isa = PBXFileReference; includeInIndex = 1; lastKnownFileType = text.xcconfig; name = "Pods-RxSwiftStudyPlayground.release.xcconfig"; path = "Pods/Target Support Files/Pods-RxSwiftStudyPlayground/Pods-RxSwiftStudyPlayground.release.xcconfig"; sourceTree = "<group>"; };
/* End PBXFileReference section */

/* Begin PBXFrameworksBuildPhase section */
		88372A74219D4B9B00774907 /* Frameworks */ = {
			isa = PBXFrameworksBuildPhase;
			buildActionMask = 2147483647;
			files = (
				660368016EC32E3C3222617C /* Pods_RxSwiftStudyPlayground.framework in Frameworks */,
			);
			runOnlyForDeploymentPostprocessing = 0;
		};
/* End PBXFrameworksBuildPhase section */

/* Begin PBXGroup section */
		33C0AA35A982D45430207691 /* Pods */ = {
			isa = PBXGroup;
			children = (
				1AB8A0DA88F22B92AF7EEFE7 /* Pods-RxSwiftStudyPlayground.debug.xcconfig */,
				DA4A5EE84FBB95E9262F1E69 /* Pods-RxSwiftStudyPlayground.release.xcconfig */,
			);
			name = Pods;
			sourceTree = "<group>";
		};
		7C0AF8539786EA85B7E0E6CE /* Frameworks */ = {
			isa = PBXGroup;
			children = (
				A964A02E888DE170B2630689 /* Pods_RxSwiftStudyPlayground.framework */,
			);
			name = Frameworks;
			sourceTree = "<group>";
		};
		88372A6E219D4B9B00774907 = {
			isa = PBXGroup;
			children = (
				884644A421A68ABB00B6ED3B /* Observables_study.playground */,
				88D9DBD021A6E05000C5DD62 /* Subject_study.playground */,
				886A6E56219D4D0000A75F8E /* Filtering_operation_study.playground */,
				88D9DBD121A8461200C5DD62 /* Transforming_operators_study.playground */,
				88D9DBD221A8558300C5DD62 /* Combining_operators_study.playground */,
				8865A0BD21AAA252006C9692 /* Time_base_operation_study.playground */,
				88372A79219D4B9B00774907 /* RxSwiftStudyPlayground */,
				88372A78219D4B9B00774907 /* Products */,
				33C0AA35A982D45430207691 /* Pods */,
				7C0AF8539786EA85B7E0E6CE /* Frameworks */,
			);
			sourceTree = "<group>";
		};
		88372A78219D4B9B00774907 /* Products */ = {
			isa = PBXGroup;
			children = (
				88372A77219D4B9B00774907 /* RxSwiftStudyPlayground.app */,
			);
			name = Products;
			sourceTree = "<group>";
		};
		88372A79219D4B9B00774907 /* RxSwiftStudyPlayground */ = {
			isa = PBXGroup;
			children = (
				88372A7A219D4B9B00774907 /* AppDelegate.swift */,
				88372A7C219D4B9B00774907 /* ViewController.swift */,
				88372A7E219D4B9B00774907 /* Main.storyboard */,
				88372A81219D4B9D00774907 /* Assets.xcassets */,
				88372A83219D4B9D00774907 /* LaunchScreen.storyboard */,
				88372A86219D4B9D00774907 /* Info.plist */,
			);
			path = RxSwiftStudyPlayground;
			sourceTree = "<group>";
		};
/* End PBXGroup section */

/* Begin PBXNativeTarget section */
		88372A76219D4B9B00774907 /* RxSwiftStudyPlayground */ = {
			isa = PBXNativeTarget;
			buildConfigurationList = 88372A89219D4B9D00774907 /* Build configuration list for PBXNativeTarget "RxSwiftStudyPlayground" */;
			buildPhases = (
				51EA04E4C33935F1731F6EF0 /* [CP] Check Pods Manifest.lock */,
				88372A73219D4B9B00774907 /* Sources */,
				88372A74219D4B9B00774907 /* Frameworks */,
				88372A75219D4B9B00774907 /* Resources */,
				E5D47B3D2FEA1381BFFA2A5D /* [CP] Embed Pods Frameworks */,
			);
			buildRules = (
			);
			dependencies = (
			);
			name = RxSwiftStudyPlayground;
			productName = RxSwiftStudyPlayground;
			productReference = 88372A77219D4B9B00774907 /* RxSwiftStudyPlayground.app */;
			productType = "com.apple.product-type.application";
		};
/* End PBXNativeTarget section */

/* Begin PBXProject section */
		88372A6F219D4B9B00774907 /* Project object */ = {
			isa = PBXProject;
			attributes = {
				LastSwiftUpdateCheck = 0940;
				LastUpgradeCheck = 0940;
				ORGANIZATIONNAME = "杨方明";
				TargetAttributes = {
					88372A76219D4B9B00774907 = {
						CreatedOnToolsVersion = 9.4.1;
					};
				};
			};
			buildConfigurationList = 88372A72219D4B9B00774907 /* Build configuration list for PBXProject "RxSwiftStudyPlayground" */;
			compatibilityVersion = "Xcode 9.3";
			developmentRegion = en;
			hasScannedForEncodings = 0;
			knownRegions = (
				en,
				Base,
			);
			mainGroup = 88372A6E219D4B9B00774907;
			productRefGroup = 88372A78219D4B9B00774907 /* Products */;
			projectDirPath = "";
			projectRoot = "";
			targets = (
				88372A76219D4B9B00774907 /* RxSwiftStudyPlayground */,
			);
		};
/* End PBXProject section */

/* Begin PBXResourcesBuildPhase section */
		88372A75219D4B9B00774907 /* Resources */ = {
			isa = PBXResourcesBuildPhase;
			buildActionMask = 2147483647;
			files = (
				88372A85219D4B9D00774907 /* LaunchScreen.storyboard in Resources */,
				88372A82219D4B9D00774907 /* Assets.xcassets in Resources */,
				88372A80219D4B9B00774907 /* Main.storyboard in Resources */,
			);
			runOnlyForDeploymentPostprocessing = 0;
		};
/* End PBXResourcesBuildPhase section */

/* Begin PBXShellScriptBuildPhase section */
		51EA04E4C33935F1731F6EF0 /* [CP] Check Pods Manifest.lock */ = {
			isa = PBXShellScriptBuildPhase;
			buildActionMask = 2147483647;
			files = (
			);
			inputPaths = (
				"${PODS_PODFILE_DIR_PATH}/Podfile.lock",
				"${PODS_ROOT}/Manifest.lock",
			);
			name = "[CP] Check Pods Manifest.lock";
			outputPaths = (
				"$(DERIVED_FILE_DIR)/Pods-RxSwiftStudyPlayground-checkManifestLockResult.txt",
			);
			runOnlyForDeploymentPostprocessing = 0;
			shellPath = /bin/sh;
			shellScript = "diff \"${PODS_PODFILE_DIR_PATH}/Podfile.lock\" \"${PODS_ROOT}/Manifest.lock\" > /dev/null\nif [ $? != 0 ] ; then\n    # print error to STDERR\n    echo \"error: The sandbox is not in sync with the Podfile.lock. Run 'pod install' or update your CocoaPods installation.\" >&2\n    exit 1\nfi\n# This output is used by Xcode 'outputs' to avoid re-running this script phase.\necho \"SUCCESS\" > \"${SCRIPT_OUTPUT_FILE_0}\"\n";
			showEnvVarsInLog = 0;
		};
		E5D47B3D2FEA1381BFFA2A5D /* [CP] Embed Pods Frameworks */ = {
			isa = PBXShellScriptBuildPhase;
			buildActionMask = 2147483647;
			files = (
			);
			inputPaths = (
				"${PODS_ROOT}/Target Support Files/Pods-RxSwiftStudyPlayground/Pods-RxSwiftStudyPlayground-frameworks.sh",
				"${BUILT_PRODUCTS_DIR}/RxAtomic/RxAtomic.framework",
				"${BUILT_PRODUCTS_DIR}/RxCocoa/RxCocoa.framework",
				"${BUILT_PRODUCTS_DIR}/RxSwift/RxSwift.framework",
			);
			name = "[CP] Embed Pods Frameworks";
			outputPaths = (
				"${TARGET_BUILD_DIR}/${FRAMEWORKS_FOLDER_PATH}/RxAtomic.framework",
				"${TARGET_BUILD_DIR}/${FRAMEWORKS_FOLDER_PATH}/RxCocoa.framework",
				"${TARGET_BUILD_DIR}/${FRAMEWORKS_FOLDER_PATH}/RxSwift.framework",
			);
			runOnlyForDeploymentPostprocessing = 0;
			shellPath = /bin/sh;
			shellScript = "\"${PODS_ROOT}/Target Support Files/Pods-RxSwiftStudyPlayground/Pods-RxSwiftStudyPlayground-frameworks.sh\"\n";
			showEnvVarsInLog = 0;
		};
/* End PBXShellScriptBuildPhase section */

/* Begin PBXSourcesBuildPhase section */
		88372A73219D4B9B00774907 /* Sources */ = {
			isa = PBXSourcesBuildPhase;
			buildActionMask = 2147483647;
			files = (
				88372A7D219D4B9B00774907 /* ViewController.swift in Sources */,
				88372A7B219D4B9B00774907 /* AppDelegate.swift in Sources */,
			);
			runOnlyForDeploymentPostprocessing = 0;
		};
/* End PBXSourcesBuildPhase section */

/* Begin PBXVariantGroup section */
		88372A7E219D4B9B00774907 /* Main.storyboard */ = {
			isa = PBXVariantGroup;
			children = (
				88372A7F219D4B9B00774907 /* Base */,
			);
			name = Main.storyboard;
			sourceTree = "<group>";
		};
		88372A83219D4B9D00774907 /* LaunchScreen.storyboard */ = {
			isa = PBXVariantGroup;
			children = (
				88372A84219D4B9D00774907 /* Base */,
			);
			name = LaunchScreen.storyboard;
			sourceTree = "<group>";
		};
/* End PBXVariantGroup section */

/* Begin XCBuildConfiguration section */
		88372A87219D4B9D00774907 /* Debug */ = {
			isa = XCBuildConfiguration;
			buildSettings = {
				ALWAYS_SEARCH_USER_PATHS = NO;
				CLANG_ANALYZER_NONNULL = YES;
				CLANG_ANALYZER_NUMBER_OBJECT_CONVERSION = YES_AGGRESSIVE;
				CLANG_CXX_LANGUAGE_STANDARD = "gnu++14";
				CLANG_CXX_LIBRARY = "libc++";
				CLANG_ENABLE_MODULES = YES;
				CLANG_ENABLE_OBJC_ARC = YES;
				CLANG_ENABLE_OBJC_WEAK = YES;
				CLANG_WARN_BLOCK_CAPTURE_AUTORELEASING = YES;
				CLANG_WARN_BOOL_CONVERSION = YES;
				CLANG_WARN_COMMA = YES;
				CLANG_WARN_CONSTANT_CONVERSION = YES;
				CLANG_WARN_DEPRECATED_OBJC_IMPLEMENTATIONS = YES;
				CLANG_WARN_DIRECT_OBJC_ISA_USAGE = YES_ERROR;
				CLANG_WARN_DOCUMENTATION_COMMENTS = YES;
				CLANG_WARN_EMPTY_BODY = YES;
				CLANG_WARN_ENUM_CONVERSION = YES;
				CLANG_WARN_INFINITE_RECURSION = YES;
				CLANG_WARN_INT_CONVERSION = YES;
				CLANG_WARN_NON_LITERAL_NULL_CONVERSION = YES;
				CLANG_WARN_OBJC_IMPLICIT_RETAIN_SELF = YES;
				CLANG_WARN_OBJC_LITERAL_CONVERSION = YES;
				CLANG_WARN_OBJC_ROOT_CLASS = YES_ERROR;
				CLANG_WARN_RANGE_LOOP_ANALYSIS = YES;
				CLANG_WARN_STRICT_PROTOTYPES = YES;
				CLANG_WARN_SUSPICIOUS_MOVE = YES;
				CLANG_WARN_UNGUARDED_AVAILABILITY = YES_AGGRESSIVE;
				CLANG_WARN_UNREACHABLE_CODE = YES;
				CLANG_WARN__DUPLICATE_METHOD_MATCH = YES;
				CODE_SIGN_IDENTITY = "iPhone Developer";
				COPY_PHASE_STRIP = NO;
				DEBUG_INFORMATION_FORMAT = dwarf;
				ENABLE_STRICT_OBJC_MSGSEND = YES;
				ENABLE_TESTABILITY = YES;
				GCC_C_LANGUAGE_STANDARD = gnu11;
				GCC_DYNAMIC_NO_PIC = NO;
				GCC_NO_COMMON_BLOCKS = YES;
				GCC_OPTIMIZATION_LEVEL = 0;
				GCC_PREPROCESSOR_DEFINITIONS = (
					"DEBUG=1",
					"$(inherited)",
				);
				GCC_WARN_64_TO_32_BIT_CONVERSION = YES;
				GCC_WARN_ABOUT_RETURN_TYPE = YES_ERROR;
				GCC_WARN_UNDECLARED_SELECTOR = YES;
				GCC_WARN_UNINITIALIZED_AUTOS = YES_AGGRESSIVE;
				GCC_WARN_UNUSED_FUNCTION = YES;
				GCC_WARN_UNUSED_VARIABLE = YES;
				IPHONEOS_DEPLOYMENT_TARGET = 11.4;
				MTL_ENABLE_DEBUG_INFO = YES;
				ONLY_ACTIVE_ARCH = YES;
				SDKROOT = iphoneos;
				SWIFT_ACTIVE_COMPILATION_CONDITIONS = DEBUG;
				SWIFT_OPTIMIZATION_LEVEL = "-Onone";
			};
			name = Debug;
		};
		88372A88219D4B9D00774907 /* Release */ = {
			isa = XCBuildConfiguration;
			buildSettings = {
				ALWAYS_SEARCH_USER_PATHS = NO;
				CLANG_ANALYZER_NONNULL = YES;
				CLANG_ANALYZER_NUMBER_OBJECT_CONVERSION = YES_AGGRESSIVE;
				CLANG_CXX_LANGUAGE_STANDARD = "gnu++14";
				CLANG_CXX_LIBRARY = "libc++";
				CLANG_ENABLE_MODULES = YES;
				CLANG_ENABLE_OBJC_ARC = YES;
				CLANG_ENABLE_OBJC_WEAK = YES;
				CLANG_WARN_BLOCK_CAPTURE_AUTORELEASING = YES;
				CLANG_WARN_BOOL_CONVERSION = YES;
				CLANG_WARN_COMMA = YES;
				CLANG_WARN_CONSTANT_CONVERSION = YES;
				CLANG_WARN_DEPRECATED_OBJC_IMPLEMENTATIONS = YES;
				CLANG_WARN_DIRECT_OBJC_ISA_USAGE = YES_ERROR;
				CLANG_WARN_DOCUMENTATION_COMMENTS = YES;
				CLANG_WARN_EMPTY_BODY = YES;
				CLANG_WARN_ENUM_CONVERSION = YES;
				CLANG_WARN_INFINITE_RECURSION = YES;
				CLANG_WARN_INT_CONVERSION = YES;
				CLANG_WARN_NON_LITERAL_NULL_CONVERSION = YES;
				CLANG_WARN_OBJC_IMPLICIT_RETAIN_SELF = YES;
				CLANG_WARN_OBJC_LITERAL_CONVERSION = YES;
				CLANG_WARN_OBJC_ROOT_CLASS = YES_ERROR;
				CLANG_WARN_RANGE_LOOP_ANALYSIS = YES;
				CLANG_WARN_STRICT_PROTOTYPES = YES;
				CLANG_WARN_SUSPICIOUS_MOVE = YES;
				CLANG_WARN_UNGUARDED_AVAILABILITY = YES_AGGRESSIVE;
				CLANG_WARN_UNREACHABLE_CODE = YES;
				CLANG_WARN__DUPLICATE_METHOD_MATCH = YES;
				CODE_SIGN_IDENTITY = "iPhone Developer";
				COPY_PHASE_STRIP = NO;
				DEBUG_INFORMATION_FORMAT = "dwarf-with-dsym";
				ENABLE_NS_ASSERTIONS = NO;
				ENABLE_STRICT_OBJC_MSGSEND = YES;
				GCC_C_LANGUAGE_STANDARD = gnu11;
				GCC_NO_COMMON_BLOCKS = YES;
				GCC_WARN_64_TO_32_BIT_CONVERSION = YES;
				GCC_WARN_ABOUT_RETURN_TYPE = YES_ERROR;
				GCC_WARN_UNDECLARED_SELECTOR = YES;
				GCC_WARN_UNINITIALIZED_AUTOS = YES_AGGRESSIVE;
				GCC_WARN_UNUSED_FUNCTION = YES;
				GCC_WARN_UNUSED_VARIABLE = YES;
				IPHONEOS_DEPLOYMENT_TARGET = 11.4;
				MTL_ENABLE_DEBUG_INFO = NO;
				SDKROOT = iphoneos;
				SWIFT_COMPILATION_MODE = wholemodule;
				SWIFT_OPTIMIZATION_LEVEL = "-O";
				VALIDATE_PRODUCT = YES;
			};
			name = Release;
		};
		88372A8A219D4B9D00774907 /* Debug */ = {
			isa = XCBuildConfiguration;
			baseConfigurationReference = 1AB8A0DA88F22B92AF7EEFE7 /* Pods-RxSwiftStudyPlayground.debug.xcconfig */;
			buildSettings = {
				ASSETCATALOG_COMPILER_APPICON_NAME = AppIcon;
				CODE_SIGN_STYLE = Automatic;
				INFOPLIST_FILE = RxSwiftStudyPlayground/Info.plist;
				LD_RUNPATH_SEARCH_PATHS = (
					"$(inherited)",
					"@executable_path/Frameworks",
				);
				PRODUCT_BUNDLE_IDENTIFIER = "---.RxSwiftStudyPlayground";
				PRODUCT_NAME = "$(TARGET_NAME)";
				SWIFT_VERSION = 4.0;
				TARGETED_DEVICE_FAMILY = "1,2";
			};
			name = Debug;
		};
		88372A8B219D4B9D00774907 /* Release */ = {
			isa = XCBuildConfiguration;
			baseConfigurationReference = DA4A5EE84FBB95E9262F1E69 /* Pods-RxSwiftStudyPlayground.release.xcconfig */;
			buildSettings = {
				ASSETCATALOG_COMPILER_APPICON_NAME = AppIcon;
				CODE_SIGN_STYLE = Automatic;
				INFOPLIST_FILE = RxSwiftStudyPlayground/Info.plist;
				LD_RUNPATH_SEARCH_PATHS = (
					"$(inherited)",
					"@executable_path/Frameworks",
				);
				PRODUCT_BUNDLE_IDENTIFIER = "---.RxSwiftStudyPlayground";
				PRODUCT_NAME = "$(TARGET_NAME)";
				SWIFT_VERSION = 4.0;
				TARGETED_DEVICE_FAMILY = "1,2";
			};
			name = Release;
		};
/* End XCBuildConfiguration section */

/* Begin XCConfigurationList section */
		88372A72219D4B9B00774907 /* Build configuration list for PBXProject "RxSwiftStudyPlayground" */ = {
			isa = XCConfigurationList;
			buildConfigurations = (
				88372A87219D4B9D00774907 /* Debug */,
				88372A88219D4B9D00774907 /* Release */,
			);
			defaultConfigurationIsVisible = 0;
			defaultConfigurationName = Release;
		};
		88372A89219D4B9D00774907 /* Build configuration list for PBXNativeTarget "RxSwiftStudyPlayground" */ = {
			isa = XCConfigurationList;
			buildConfigurations = (
				88372A8A219D4B9D00774907 /* Debug */,
				88372A8B219D4B9D00774907 /* Release */,
			);
			defaultConfigurationIsVisible = 0;
			defaultConfigurationName = Release;
		};
/* End XCConfigurationList section */
	};
	rootObject = 88372A6F219D4B9B00774907 /* Project object */;
}
